
Microsoft Visual Studio Solution File, Format Version 12.00
# Visual Studio 15
VisualStudioVersion = 15.0.28307.421
MinimumVisualStudioVersion = 10.0.40219.1
Project("{9A19103F-16F7-4668-BE54-9A1E7A4F7556}") = "Gitshow", "Gitshow\Gitshow.csproj", "{9272CFC4-C5D4-4616-B164-673D87C6502C}"
EndProject
Project("{9A19103F-16F7-4668-BE54-9A1E7A4F7556}") = "前端", "WebApplication2\前端.csproj", "{BD9F701F-CD59-4483-A8B2-0D5D1F6C96B7}"
EndProject
Project("{9A19103F-16F7-4668-BE54-9A1E7A4F7556}") = "SQL", "..\SQL\SQL\SQL.csproj", "{AFFADAFB-2618-4177-A150-F8BB09EEA78C}"
EndProject
Project("{FAE04EC0-301F-11D3-BF4B-00C04F79EFBC}") = "js3", "js3\js3.csproj", "{61E84A7C-351B-4755-8A65-545E4F754271}"
EndProject
Global
	GlobalSection(SolutionConfigurationPlatforms) = preSolution
		Debug|Any CPU = Debug|Any CPU
		Release|Any CPU = Release|Any CPU
	EndGlobalSection
	GlobalSection(ProjectConfigurationPlatforms) = postSolution
		{9272CFC4-C5D4-4616-B164-673D87C6502C}.Debug|Any CPU.ActiveCfg = Debug|Any CPU
		{9272CFC4-C5D4-4616-B164-673D87C6502C}.Debug|Any CPU.Build.0 = Debug|Any CPU
		{9272CFC4-C5D4-4616-B164-673D87C6502C}.Release|Any CPU.ActiveCfg = Release|Any CPU
		{9272CFC4-C5D4-4616-B164-673D87C6502C}.Release|Any CPU.Build.0 = Release|Any CPU
		{BD9F701F-CD59-4483-A8B2-0D5D1F6C96B7}.Debug|Any CPU.ActiveCfg = Debug|Any CPU
		{BD9F701F-CD59-4483-A8B2-0D5D1F6C96B7}.Debug|Any CPU.Build.0 = Debug|Any CPU
		{BD9F701F-CD59-4483-A8B2-0D5D1F6C96B7}.Release|Any CPU.ActiveCfg = Release|Any CPU
		{BD9F701F-CD59-4483-A8B2-0D5D1F6C96B7}.Release|Any CPU.Build.0 = Release|Any CPU
		{AFFADAFB-2618-4177-A150-F8BB09EEA78C}.Debug|Any CPU.ActiveCfg = Debug|Any CPU
		{AFFADAFB-2618-4177-A150-F8BB09EEA78C}.Debug|Any CPU.Build.0 = Debug|Any CPU
		{AFFADAFB-2618-4177-A150-F8BB09EEA78C}.Release|Any CPU.ActiveCfg = Release|Any CPU
		{AFFADAFB-2618-4177-A150-F8BB09EEA78C}.Release|Any CPU.Build.0 = Release|Any CPU
		{61E84A7C-351B-4755-8A65-545E4F754271}.Debug|Any CPU.ActiveCfg = Debug|Any CPU
		{61E84A7C-351B-4755-8A65-545E4F754271}.Debug|Any CPU.Build.0 = Debug|Any CPU
		{61E84A7C-351B-4755-8A65-545E4F754271}.Release|Any CPU.ActiveCfg = Release|Any CPU
		{61E84A7C-351B-4755-8A65-545E4F754271}.Release|Any CPU.Build.0 = Release|Any CPU
	EndGlobalSection
	GlobalSection(SolutionProperties) = preSolution
		HideSolutionNode = FALSE
	EndGlobalSection
	GlobalSection(ExtensibilityGlobals) = postSolution
		SolutionGuid = {A42A43BC-0854-4C71-B026-7556DB8CBD30}
	EndGlobalSection
EndGlobal
